
Microsoft Visual Studio Solution File, Format Version 12.00
# Visual Studio Version 16
VisualStudioVersion = 16.0.31005.135
MinimumVisualStudioVersion = 10.0.40219.1
Project("{FAE04EC0-301F-11D3-BF4B-00C04F79EFBC}") = "DefinitivoWPF", "DefinitivoWPF.csproj", "{D1CC9882-8A42-4AA2-896B-6FFFE3157BDB}"
EndProject
Global
	GlobalSection(SolutionConfigurationPlatforms) = preSolution
		Debug|Any CPU = Debug|Any CPU
		Release|Any CPU = Release|Any CPU
	EndGlobalSection
	GlobalSection(ProjectConfigurationPlatforms) = postSolution
		{D1CC9882-8A42-4AA2-896B-6FFFE3157BDB}.Debug|Any CPU.ActiveCfg = Debug|Any CPU
		{D1CC9882-8A42-4AA2-896B-6FFFE3157BDB}.Debug|Any CPU.Build.0 = Debug|Any CPU
		{D1CC9882-8A42-4AA2-896B-6FFFE3157BDB}.Release|Any CPU.ActiveCfg = Release|Any CPU
		{D1CC9882-8A42-4AA2-896B-6FFFE3157BDB}.Release|Any CPU.Build.0 = Release|Any CPU
	EndGlobalSection
	GlobalSection(SolutionProperties) = preSolution
		HideSolutionNode = FALSE
	EndGlobalSection
	GlobalSection(ExtensibilityGlobals) = postSolution
		SolutionGuid = {5A20924B-1AB2-4D85-B867-1766FE75D6F0}
	EndGlobalSection
EndGlobal
